{
  "checksum": "31ad9b9d7c7b6479601aaef35c9386930f9db0c8fcb778cf4494ee28a2a2da5c",
  "crates": {
    "cfg-if 1.0.4": {
      "name": "cfg-if",
      "version": "1.0.4",
      "package_url": "https://github.com/rust-lang/cfg-if",
      "repository": {
        "Http": {
          "url": "https://static.crates.io/crates/cfg-if/1.0.4/download",
          "sha256": "9330f8b2ff13f34540b44e946ef35111825727b38d33286ef986142615121801"
        }
      },
      "targets": [
        {
          "Library": {
            "crate_name": "cfg_if",
            "crate_root": "src/lib.rs",
            "srcs": {
              "allow_empty": true,
              "include": [
                "**/*.rs"
              ]
            }
          }
        }
      ],
      "library_target_name": "cfg_if",
      "common_attrs": {
        "compile_data_glob": [
          "**"
        ],
        "edition": "2018",
        "version": "1.0.4"
      },
      "license": "MIT OR Apache-2.0",
      "license_ids": [
        "Apache-2.0",
        "MIT"
      ],
      "license_file": "LICENSE-APACHE"
    },
    "consumer 0.0.0": {
      "name": "consumer",
      "version": "0.0.0",
      "package_url": null,
      "repository": null,
      "targets": [
        {
          "Library": {
            "crate_name": "consumer",
            "crate_root": "src/lib.rs",
            "srcs": {
              "allow_empty": true,
              "include": [
                "**/*.rs"
              ]
            }
          }
        }
      ],
      "library_target_name": "consumer",
      "common_attrs": {
        "compile_data_glob": [
          "**"
        ],
        "deps": {
          "common": [
            {
              "id": "cfg-if 1.0.4",
              "target": "cfg_if"
            }
          ],
          "selects": {}
        },
        "edition": "2024",
        "version": "0.0.0"
      },
      "license": null,
      "license_ids": [],
      "license_file": null
    }
  },
  "binary_crates": [],
  "workspace_members": {
    "consumer 0.0.0": ""
  },
  "conditions": {
    "aarch64-apple-darwin": [
      "aarch64-apple-darwin"
    ],
    "aarch64-unknown-linux-gnu": [
      "aarch64-unknown-linux-gnu"
    ],
    "wasm32-unknown-unknown": [
      "wasm32-unknown-unknown"
    ],
    "wasm32-wasip1": [
      "wasm32-wasip1"
    ],
    "x86_64-pc-windows-msvc": [
      "x86_64-pc-windows-msvc"
    ],
    "x86_64-unknown-linux-gnu": [
      "x86_64-unknown-linux-gnu"
    ],
    "x86_64-unknown-nixos-gnu": [
      "x86_64-unknown-nixos-gnu"
    ]
  },
  "direct_deps": [
    "cfg-if 1.0.4"
  ],
  "direct_dev_deps": [],
  "unused_patches": []
}
